// !$*UTF8*$!
{
	archiveVersion = 1;
	classes = {
	};
	objectVersion = 48;
	objects = {

/* Begin PBXBuildFile section */
		31228BAB1F18335A00EA8BEC /* AppDelegate.swift in Sources */ = {isa = PBXBuildFile; fileRef = 31228BAA1F18335A00EA8BEC /* AppDelegate.swift */; };
		31228BAD1F18335A00EA8BEC /* ViewController.swift in Sources */ = {isa = PBXBuildFile; fileRef = 31228BAC1F18335A00EA8BEC /* ViewController.swift */; };
		31228BB01F18335A00EA8BEC /* Main.storyboard in Resources */ = {isa = PBXBuildFile; fileRef = 31228BAE1F18335A00EA8BEC /* Main.storyboard */; };
		31228BB21F18335A00EA8BEC /* Assets.xcassets in Resources */ = {isa = PBXBuildFile; fileRef = 31228BB11F18335A00EA8BEC /* Assets.xcassets */; };
		31228BB51F18335A00EA8BEC /* LaunchScreen.storyboard in Resources */ = {isa = PBXBuildFile; fileRef = 31228BB31F18335A00EA8BEC /* LaunchScreen.storyboard */; };
/* End PBXBuildFile section */

/* Begin PBXFileReference section */
		31228BA71F18335A00EA8BEC /* ATM Consultoria.app */ = {isa = PBXFileReference; explicitFileType = wrapper.application; includeInIndex = 0; path = "ATM Consultoria.app"; sourceTree = BUILT_PRODUCTS_DIR; };
		31228BAA1F18335A00EA8BEC /* AppDelegate.swift */ = {isa = PBXFileReference; lastKnownFileType = sourcecode.swift; path = AppDelegate.swift; sourceTree = "<group>"; };
		31228BAC1F18335A00EA8BEC /* ViewController.swift */ = {isa = PBXFileReference; lastKnownFileType = sourcecode.swift; path = ViewController.swift; sourceTree = "<group>"; };
		31228BAF1F18335A00EA8BEC /* Base */ = {isa = PBXFileReference; lastKnownFileType = file.storyboard; name = Base; path = Base.lproj/Main.storyboard; sourceTree = "<group>"; };
		31228BB11F18335A00EA8BEC /* Assets.xcassets */ = {isa = PBXFileReference; lastKnownFileType = folder.assetcatalog; path = Assets.xcassets; sourceTree = "<group>"; };
		31228BB41F18335A00EA8BEC /* Base */ = {isa = PBXFileReference; lastKnownFileType = file.storyboard; name = Base; path = Base.lproj/LaunchScreen.storyboard; sourceTree = "<group>"; };
		31228BB61F18335A00EA8BEC /* Info.plist */ = {isa = PBXFileReference; lastKnownFileType = text.plist.xml; path = Info.plist; sourceTree = "<group>"; };
/* End PBXFileReference section */

/* Begin PBXFrameworksBuildPhase section */
		31228BA41F18335A00EA8BEC /* Frameworks */ = {
			isa = PBXFrameworksBuildPhase;
			buildActionMask = 2147483647;
			files = (
			);
			runOnlyForDeploymentPostprocessing = 0;
		};
/* End PBXFrameworksBuildPhase section */

/* Begin PBXGroup section */
		31228B9E1F18335A00EA8BEC = {
			isa = PBXGroup;
			children = (
				31228BA91F18335A00EA8BEC /* ATM Consultoria */,
				31228BA81F18335A00EA8BEC /* Products */,
			);
			sourceTree = "<group>";
		};
		31228BA81F18335A00EA8BEC /* Products */ = {
			isa = PBXGroup;
			children = (
				31228BA71F18335A00EA8BEC /* ATM Consultoria.app */,
			);
			name = Products;
			sourceTree = "<group>";
		};
		31228BA91F18335A00EA8BEC /* ATM Consultoria */ = {
			isa = PBXGroup;
			children = (
				31228BAA1F18335A00EA8BEC /* AppDelegate.swift */,
				31228BAC1F18335A00EA8BEC /* ViewController.swift */,
				31228BAE1F18335A00EA8BEC /* Main.storyboard */,
				31228BB11F18335A00EA8BEC /* Assets.xcassets */,
				31228BB31F18335A00EA8BEC /* LaunchScreen.storyboard */,
				31228BB61F18335A00EA8BEC /* Info.plist */,
			);
			path = "ATM Consultoria";
			sourceTree = "<group>";
		};
/* End PBXGroup section */

/* Begin PBXNativeTarget section */
		31228BA61F18335A00EA8BEC /* ATM Consultoria */ = {
			isa = PBXNativeTarget;
			buildConfigurationList = 31228BB91F18335A00EA8BEC /* Build configuration list for PBXNativeTarget "ATM Consultoria" */;
			buildPhases = (
				31228BA31F18335A00EA8BEC /* Sources */,
				31228BA41F18335A00EA8BEC /* Frameworks */,
				31228BA51F18335A00EA8BEC /* Resources */,
			);
			buildRules = (
			);
			dependencies = (
			);
			name = "ATM Consultoria";
			productName = "ATM Consultoria";
			productReference = 31228BA71F18335A00EA8BEC /* ATM Consultoria.app */;
			productType = "com.apple.product-type.application";
		};
/* End PBXNativeTarget section */

/* Begin PBXProject section */
		31228B9F1F18335A00EA8BEC /* Project object */ = {
			isa = PBXProject;
			attributes = {
				LastSwiftUpdateCheck = 0900;
				LastUpgradeCheck = 0900;
				ORGANIZATIONNAME = "Curso IOS";
				TargetAttributes = {
					31228BA61F18335A00EA8BEC = {
						CreatedOnToolsVersion = 9.0;
						ProvisioningStyle = Automatic;
					};
				};
			};
			buildConfigurationList = 31228BA21F18335A00EA8BEC /* Build configuration list for PBXProject "ATM Consultoria" */;
			compatibilityVersion = "Xcode 8.0";
			developmentRegion = en;
			hasScannedForEncodings = 0;
			knownRegions = (
				en,
				Base,
			);
			mainGroup = 31228B9E1F18335A00EA8BEC;
			productRefGroup = 31228BA81F18335A00EA8BEC /* Products */;
			projectDirPath = "";
			projectRoot = "";
			targets = (
				31228BA61F18335A00EA8BEC /* ATM Consultoria */,
			);
		};
/* End PBXProject section */

/* Begin PBXResourcesBuildPhase section */
		31228BA51F18335A00EA8BEC /* Resources */ = {
			isa = PBXResourcesBuildPhase;
			buildActionMask = 2147483647;
			files = (
				31228BB51F18335A00EA8BEC /* LaunchScreen.storyboard in Resources */,
				31228BB21F18335A00EA8BEC /* Assets.xcassets in Resources */,
				31228BB01F18335A00EA8BEC /* Main.storyboard in Resources */,
			);
			runOnlyForDeploymentPostprocessing = 0;
		};
/* End PBXResourcesBuildPhase section */

/* Begin PBXSourcesBuildPhase section */
		31228BA31F18335A00EA8BEC /* Sources */ = {
			isa = PBXSourcesBuildPhase;
			buildActionMask = 2147483647;
			files = (
				31228BAD1F18335A00EA8BEC /* ViewController.swift in Sources */,
				31228BAB1F18335A00EA8BEC /* AppDelegate.swift in Sources */,
			);
			runOnlyForDeploymentPostprocessing = 0;
		};
/* End PBXSourcesBuildPhase section */

/* Begin PBXVariantGroup section */
		31228BAE1F18335A00EA8BEC /* Main.storyboard */ = {
			isa = PBXVariantGroup;
			children = (
				31228BAF1F18335A00EA8BEC /* Base */,
			);
			name = Main.storyboard;
			sourceTree = "<group>";
		};
		31228BB31F18335A00EA8BEC /* LaunchScreen.storyboard */ = {
			isa = PBXVariantGroup;
			children = (
				31228BB41F18335A00EA8BEC /* Base */,
			);
			name = LaunchScreen.storyboard;
			sourceTree = "<group>";
		};
/* End PBXVariantGroup section */

/* Begin XCBuildConfiguration section */
		31228BB71F18335A00EA8BEC /* Debug */ = {
			isa = XCBuildConfiguration;
			buildSettings = {
				ALWAYS_SEARCH_USER_PATHS = NO;
				CLANG_ANALYZER_NONNULL = YES;
				CLANG_ANALYZER_NUMBER_OBJECT_CONVERSION = YES_AGGRESSIVE;
				CLANG_CXX_LANGUAGE_STANDARD = "gnu++14";
				CLANG_CXX_LIBRARY = "libc++";
				CLANG_ENABLE_MODULES = YES;
				CLANG_ENABLE_OBJC_ARC = YES;
				CLANG_WARN_BLOCK_CAPTURE_AUTORELEASING = YES;
				CLANG_WARN_BOOL_CONVERSION = YES;
				CLANG_WARN_COMMA = YES;
				CLANG_WARN_CONSTANT_CONVERSION = YES;
				CLANG_WARN_DIRECT_OBJC_ISA_USAGE = YES_ERROR;
				CLANG_WARN_DOCUMENTATION_COMMENTS = YES;
				CLANG_WARN_EMPTY_BODY = YES;
				CLANG_WARN_ENUM_CONVERSION = YES;
				CLANG_WARN_INFINITE_RECURSION = YES;
				CLANG_WARN_INT_CONVERSION = YES;
				CLANG_WARN_OBJC_ROOT_CLASS = YES_ERROR;
				CLANG_WARN_RANGE_LOOP_ANALYSIS = YES;
				CLANG_WARN_STRICT_PROTOTYPES = YES;
				CLANG_WARN_SUSPICIOUS_MOVE = YES;
				CLANG_WARN_UNGUARDED_AVAILABILITY = YES_AGGRESSIVE;
				CLANG_WARN_UNREACHABLE_CODE = YES;
				CLANG_WARN__DUPLICATE_METHOD_MATCH = YES;
				CODE_SIGN_IDENTITY = "iPhone Developer";
				COPY_PHASE_STRIP = NO;
				DEBUG_INFORMATION_FORMAT = dwarf;
				ENABLE_STRICT_OBJC_MSGSEND = YES;
				ENABLE_TESTABILITY = YES;
				GCC_C_LANGUAGE_STANDARD = gnu11;
				GCC_DYNAMIC_NO_PIC = NO;
				GCC_NO_COMMON_BLOCKS = YES;
				GCC_OPTIMIZATION_LEVEL = 0;
				GCC_PREPROCESSOR_DEFINITIONS = (
					"DEBUG=1",
					"$(inherited)",
				);
				GCC_WARN_64_TO_32_BIT_CONVERSION = YES;
				GCC_WARN_ABOUT_RETURN_TYPE = YES_ERROR;
				GCC_WARN_UNDECLARED_SELECTOR = YES;
				GCC_WARN_UNINITIALIZED_AUTOS = YES_AGGRESSIVE;
				GCC_WARN_UNUSED_FUNCTION = YES;
				GCC_WARN_UNUSED_VARIABLE = YES;
				IPHONEOS_DEPLOYMENT_TARGET = 11.0;
				MTL_ENABLE_DEBUG_INFO = YES;
				ONLY_ACTIVE_ARCH = YES;
				SDKROOT = iphoneos;
				SWIFT_ACTIVE_COMPILATION_CONDITIONS = DEBUG;
				SWIFT_OPTIMIZATION_LEVEL = "-Onone";
			};
			name = Debug;
		};
		31228BB81F18335A00EA8BEC /* Release */ = {
			isa = XCBuildConfiguration;
			buildSettings = {
				ALWAYS_SEARCH_USER_PATHS = NO;
				CLANG_ANALYZER_NONNULL = YES;
				CLANG_ANALYZER_NUMBER_OBJECT_CONVERSION = YES_AGGRESSIVE;
				CLANG_CXX_LANGUAGE_STANDARD = "gnu++14";
				CLANG_CXX_LIBRARY = "libc++";
				CLANG_ENABLE_MODULES = YES;
				CLANG_ENABLE_OBJC_ARC = YES;
				CLANG_WARN_BLOCK_CAPTURE_AUTORELEASING = YES;
				CLANG_WARN_BOOL_CONVERSION = YES;
				CLANG_WARN_COMMA = YES;
				CLANG_WARN_CONSTANT_CONVERSION = YES;
				CLANG_WARN_DIRECT_OBJC_ISA_USAGE = YES_ERROR;
				CLANG_WARN_DOCUMENTATION_COMMENTS = YES;
				CLANG_WARN_EMPTY_BODY = YES;
				CLANG_WARN_ENUM_CONVERSION = YES;
				CLANG_WARN_INFINITE_RECURSION = YES;
				CLANG_WARN_INT_CONVERSION = YES;
				CLANG_WARN_OBJC_ROOT_CLASS = YES_ERROR;
				CLANG_WARN_RANGE_LOOP_ANALYSIS = YES;
				CLANG_WARN_STRICT_PROTOTYPES = YES;
				CLANG_WARN_SUSPICIOUS_MOVE = YES;
				CLANG_WARN_UNGUARDED_AVAILABILITY = YES_AGGRESSIVE;
				CLANG_WARN_UNREACHABLE_CODE = YES;
				CLANG_WARN__DUPLICATE_METHOD_MATCH = YES;
				CODE_SIGN_IDENTITY = "iPhone Developer";
				COPY_PHASE_STRIP = NO;
				DEBUG_INFORMATION_FORMAT = "dwarf-with-dsym";
				ENABLE_NS_ASSERTIONS = NO;
				ENABLE_STRICT_OBJC_MSGSEND = YES;
				GCC_C_LANGUAGE_STANDARD = gnu11;
				GCC_NO_COMMON_BLOCKS = YES;
				GCC_WARN_64_TO_32_BIT_CONVERSION = YES;
				GCC_WARN_ABOUT_RETURN_TYPE = YES_ERROR;
				GCC_WARN_UNDECLARED_SELECTOR = YES;
				GCC_WARN_UNINITIALIZED_AUTOS = YES_AGGRESSIVE;
				GCC_WARN_UNUSED_FUNCTION = YES;
				GCC_WARN_UNUSED_VARIABLE = YES;
				IPHONEOS_DEPLOYMENT_TARGET = 11.0;
				MTL_ENABLE_DEBUG_INFO = NO;
				SDKROOT = iphoneos;
				SWIFT_OPTIMIZATION_LEVEL = "-Owholemodule";
				VALIDATE_PRODUCT = YES;
			};
			name = Release;
		};
		31228BBA1F18335A00EA8BEC /* Debug */ = {
			isa = XCBuildConfiguration;
			buildSettings = {
				ASSETCATALOG_COMPILER_APPICON_NAME = AppIcon;
				"CODE_SIGN_IDENTITY[sdk=iphoneos*]" = "iPhone Developer";
				CODE_SIGN_STYLE = Automatic;
				DEVELOPMENT_TEAM = 3J42X2KZSQ;
				INFOPLIST_FILE = "ATM Consultoria/Info.plist";
				LD_RUNPATH_SEARCH_PATHS = "$(inherited) @executable_path/Frameworks";
				PRODUCT_BUNDLE_IDENTIFIER = "com.cursoios11.ATM-Consultoria";
				PRODUCT_NAME = "$(TARGET_NAME)";
				PROVISIONING_PROFILE_SPECIFIER = "";
				SWIFT_VERSION = 4.0;
				TARGETED_DEVICE_FAMILY = "1,2";
			};
			name = Debug;
		};
		31228BBB1F18335A00EA8BEC /* Release */ = {
			isa = XCBuildConfiguration;
			buildSettings = {
				ASSETCATALOG_COMPILER_APPICON_NAME = AppIcon;
				"CODE_SIGN_IDENTITY[sdk=iphoneos*]" = "iPhone Developer";
				CODE_SIGN_STYLE = Automatic;
				DEVELOPMENT_TEAM = 3J42X2KZSQ;
				INFOPLIST_FILE = "ATM Consultoria/Info.plist";
				LD_RUNPATH_SEARCH_PATHS = "$(inherited) @executable_path/Frameworks";
				PRODUCT_BUNDLE_IDENTIFIER = "com.cursoios11.ATM-Consultoria";
				PRODUCT_NAME = "$(TARGET_NAME)";
				PROVISIONING_PROFILE_SPECIFIER = "";
				SWIFT_VERSION = 4.0;
				TARGETED_DEVICE_FAMILY = "1,2";
			};
			name = Release;
		};
/* End XCBuildConfiguration section */

/* Begin XCConfigurationList section */
		31228BA21F18335A00EA8BEC /* Build configuration list for PBXProject "ATM Consultoria" */ = {
			isa = XCConfigurationList;
			buildConfigurations = (
				31228BB71F18335A00EA8BEC /* Debug */,
				31228BB81F18335A00EA8BEC /* Release */,
			);
			defaultConfigurationIsVisible = 0;
			defaultConfigurationName = Release;
		};
		31228BB91F18335A00EA8BEC /* Build configuration list for PBXNativeTarget "ATM Consultoria" */ = {
			isa = XCConfigurationList;
			buildConfigurations = (
				31228BBA1F18335A00EA8BEC /* Debug */,
				31228BBB1F18335A00EA8BEC /* Release */,
			);
			defaultConfigurationIsVisible = 0;
		};
/* End XCConfigurationList section */
	};
	rootObject = 31228B9F1F18335A00EA8BEC /* Project object */;
}
